Microsoft Visual Studio Solution File, Format Version 12.00
# Visual Studio 2012
Project("{FAE04EC0-301F-11D3-BF4B-00C04F79EFBC}") = "CarBreh", "CarBreh.csproj", "{80A3B535-F676-45BE-8734-5CC2CFFE0A2E}"
EndProject
Global
	GlobalSection(SolutionConfigurationPlatforms) = preSolution
	Debug|Any CPU = Debug|Any CPU
	ExportDebug|Any CPU = ExportDebug|Any CPU
	ExportRelease|Any CPU = ExportRelease|Any CPU
	EndGlobalSection
	GlobalSection(ProjectConfigurationPlatforms) = postSolution
		{80A3B535-F676-45BE-8734-5CC2CFFE0A2E}.Debug|Any CPU.ActiveCfg = Debug|Any CPU
		{80A3B535-F676-45BE-8734-5CC2CFFE0A2E}.Debug|Any CPU.Build.0 = Debug|Any CPU
		{80A3B535-F676-45BE-8734-5CC2CFFE0A2E}.ExportDebug|Any CPU.ActiveCfg = ExportDebug|Any CPU
		{80A3B535-F676-45BE-8734-5CC2CFFE0A2E}.ExportDebug|Any CPU.Build.0 = ExportDebug|Any CPU
		{80A3B535-F676-45BE-8734-5CC2CFFE0A2E}.ExportRelease|Any CPU.ActiveCfg = ExportRelease|Any CPU
		{80A3B535-F676-45BE-8734-5CC2CFFE0A2E}.ExportRelease|Any CPU.Build.0 = ExportRelease|Any CPU
	EndGlobalSection
EndGlobal
